
Microsoft Visual Studio Solution File, Format Version 12.00
# Visual Studio Version 16
VisualStudioVersion = 16.0.31205.134
MinimumVisualStudioVersion = 10.0.40219.1
Project("{FAE04EC0-301F-11D3-BF4B-00C04F79EFBC}") = "Logging", "Logging\Logging.csproj", "{D2100E9E-77C1-4B5A-AD4F-4F14B160B1B9}"
EndProject
Global
	GlobalSection(SolutionConfigurationPlatforms) = preSolution
		Debug|Any CPU = Debug|Any CPU
		Release|Any CPU = Release|Any CPU
	EndGlobalSection
	GlobalSection(ProjectConfigurationPlatforms) = postSolution
		{D2100E9E-77C1-4B5A-AD4F-4F14B160B1B9}.Debug|Any CPU.ActiveCfg = Debug|Any CPU
		{D2100E9E-77C1-4B5A-AD4F-4F14B160B1B9}.Debug|Any CPU.Build.0 = Debug|Any CPU
		{D2100E9E-77C1-4B5A-AD4F-4F14B160B1B9}.Release|Any CPU.ActiveCfg = Release|Any CPU
		{D2100E9E-77C1-4B5A-AD4F-4F14B160B1B9}.Release|Any CPU.Build.0 = Release|Any CPU
	EndGlobalSection
	GlobalSection(SolutionProperties) = preSolution
		HideSolutionNode = FALSE
	EndGlobalSection
	GlobalSection(ExtensibilityGlobals) = postSolution
		SolutionGuid = {21986A45-FB2D-4BE9-A5F6-122B826AF730}
	EndGlobalSection
EndGlobal
